
Microsoft Visual Studio Solution File, Format Version 12.00
# Visual Studio Version 17
VisualStudioVersion = 17.0.31903.59
MinimumVisualStudioVersion = 10.0.40219.1
Project("{2150E333-8FDC-42A3-9474-1A3956D46DE8}") = "Chapter11_Methods", "Chapter11_Methods", "{AA7A62AC-261B-AF3C-6092-A7D51DCEB971}"
EndProject
Project("{FAE04EC0-301F-11D3-BF4B-00C04F79EFBC}") = "Chapter11_vsfile", "Chapter11_Methods\Chapter11_vsfile\Chapter11_vsfile.csproj", "{BE020AD8-5E85-4EEE-BDE1-A6CA5B8ACC26}"
EndProject
Project("{2150E333-8FDC-42A3-9474-1A3956D46DE8}") = "Chapter10_Arrays & Loops", "Chapter10_Arrays & Loops", "{76A62B82-1C30-7B01-4550-D471A8D00750}"
EndProject
Project("{2150E333-8FDC-42A3-9474-1A3956D46DE8}") = "Chapter10", "Chapter10", "{05A61517-B17F-3B75-4703-47637971236A}"
EndProject
Project("{FAE04EC0-301F-11D3-BF4B-00C04F79EFBC}") = "Chapter10_vsfile", "Chapter10_Arrays & Loops\Chapter10\Chapter10_vsfile.csproj", "{5FD06C01-42D4-4509-A8D4-753AE2028D7C}"
EndProject
Project("{2150E333-8FDC-42A3-9474-1A3956D46DE8}") = "Chapter11.1_Memory Management", "Chapter11.1_Memory Management", "{2B83B58A-45F5-E0BE-B563-1AA679171F27}"
EndProject
Project("{FAE04EC0-301F-11D3-BF4B-00C04F79EFBC}") = "Chapter11end", "Chapter11.1_Memory Management\Chapter11end\Chapter11end.csproj", "{021F057C-B24A-4332-A787-A2987ACFC15E}"
EndProject
Project("{2150E333-8FDC-42A3-9474-1A3956D46DE8}") = "Basics_Boss_Battle", "Basics_Boss_Battle", "{B606FDFC-CF70-1235-06D7-6D9F16201F97}"
EndProject
Project("{FAE04EC0-301F-11D3-BF4B-00C04F79EFBC}") = "BasicsBossBattle", "Basics_Boss_Battle\BasicsBossBattle\BasicsBossBattle.csproj", "{1254724C-9848-44C0-8216-FA18CAB081E0}"
EndProject
Global
	GlobalSection(SolutionConfigurationPlatforms) = preSolution
		Debug|Any CPU = Debug|Any CPU
		Debug|x64 = Debug|x64
		Debug|x86 = Debug|x86
		Release|Any CPU = Release|Any CPU
		Release|x64 = Release|x64
		Release|x86 = Release|x86
	EndGlobalSection
	GlobalSection(ProjectConfigurationPlatforms) = postSolution
		{BE020AD8-5E85-4EEE-BDE1-A6CA5B8ACC26}.Debug|Any CPU.ActiveCfg = Debug|Any CPU
		{BE020AD8-5E85-4EEE-BDE1-A6CA5B8ACC26}.Debug|Any CPU.Build.0 = Debug|Any CPU
		{BE020AD8-5E85-4EEE-BDE1-A6CA5B8ACC26}.Debug|x64.ActiveCfg = Debug|Any CPU
		{BE020AD8-5E85-4EEE-BDE1-A6CA5B8ACC26}.Debug|x64.Build.0 = Debug|Any CPU
		{BE020AD8-5E85-4EEE-BDE1-A6CA5B8ACC26}.Debug|x86.ActiveCfg = Debug|Any CPU
		{BE020AD8-5E85-4EEE-BDE1-A6CA5B8ACC26}.Debug|x86.Build.0 = Debug|Any CPU
		{BE020AD8-5E85-4EEE-BDE1-A6CA5B8ACC26}.Release|Any CPU.ActiveCfg = Release|Any CPU
		{BE020AD8-5E85-4EEE-BDE1-A6CA5B8ACC26}.Release|Any CPU.Build.0 = Release|Any CPU
		{BE020AD8-5E85-4EEE-BDE1-A6CA5B8ACC26}.Release|x64.ActiveCfg = Release|Any CPU
		{BE020AD8-5E85-4EEE-BDE1-A6CA5B8ACC26}.Release|x64.Build.0 = Release|Any CPU
		{BE020AD8-5E85-4EEE-BDE1-A6CA5B8ACC26}.Release|x86.ActiveCfg = Release|Any CPU
		{BE020AD8-5E85-4EEE-BDE1-A6CA5B8ACC26}.Release|x86.Build.0 = Release|Any CPU
		{5FD06C01-42D4-4509-A8D4-753AE2028D7C}.Debug|Any CPU.ActiveCfg = Debug|Any CPU
		{5FD06C01-42D4-4509-A8D4-753AE2028D7C}.Debug|Any CPU.Build.0 = Debug|Any CPU
		{5FD06C01-42D4-4509-A8D4-753AE2028D7C}.Debug|x64.ActiveCfg = Debug|Any CPU
		{5FD06C01-42D4-4509-A8D4-753AE2028D7C}.Debug|x64.Build.0 = Debug|Any CPU
		{5FD06C01-42D4-4509-A8D4-753AE2028D7C}.Debug|x86.ActiveCfg = Debug|Any CPU
		{5FD06C01-42D4-4509-A8D4-753AE2028D7C}.Debug|x86.Build.0 = Debug|Any CPU
		{5FD06C01-42D4-4509-A8D4-753AE2028D7C}.Release|Any CPU.ActiveCfg = Release|Any CPU
		{5FD06C01-42D4-4509-A8D4-753AE2028D7C}.Release|Any CPU.Build.0 = Release|Any CPU
		{5FD06C01-42D4-4509-A8D4-753AE2028D7C}.Release|x64.ActiveCfg = Release|Any CPU
		{5FD06C01-42D4-4509-A8D4-753AE2028D7C}.Release|x64.Build.0 = Release|Any CPU
		{5FD06C01-42D4-4509-A8D4-753AE2028D7C}.Release|x86.ActiveCfg = Release|Any CPU
		{5FD06C01-42D4-4509-A8D4-753AE2028D7C}.Release|x86.Build.0 = Release|Any CPU
		{021F057C-B24A-4332-A787-A2987ACFC15E}.Debug|Any CPU.ActiveCfg = Debug|Any CPU
		{021F057C-B24A-4332-A787-A2987ACFC15E}.Debug|Any CPU.Build.0 = Debug|Any CPU
		{021F057C-B24A-4332-A787-A2987ACFC15E}.Debug|x64.ActiveCfg = Debug|Any CPU
		{021F057C-B24A-4332-A787-A2987ACFC15E}.Debug|x64.Build.0 = Debug|Any CPU
		{021F057C-B24A-4332-A787-A2987ACFC15E}.Debug|x86.ActiveCfg = Debug|Any CPU
		{021F057C-B24A-4332-A787-A2987ACFC15E}.Debug|x86.Build.0 = Debug|Any CPU
		{021F057C-B24A-4332-A787-A2987ACFC15E}.Release|Any CPU.ActiveCfg = Release|Any CPU
		{021F057C-B24A-4332-A787-A2987ACFC15E}.Release|Any CPU.Build.0 = Release|Any CPU
		{021F057C-B24A-4332-A787-A2987ACFC15E}.Release|x64.ActiveCfg = Release|Any CPU
		{021F057C-B24A-4332-A787-A2987ACFC15E}.Release|x64.Build.0 = Release|Any CPU
		{021F057C-B24A-4332-A787-A2987ACFC15E}.Release|x86.ActiveCfg = Release|Any CPU
		{021F057C-B24A-4332-A787-A2987ACFC15E}.Release|x86.Build.0 = Release|Any CPU
		{1254724C-9848-44C0-8216-FA18CAB081E0}.Debug|Any CPU.ActiveCfg = Debug|Any CPU
		{1254724C-9848-44C0-8216-FA18CAB081E0}.Debug|Any CPU.Build.0 = Debug|Any CPU
		{1254724C-9848-44C0-8216-FA18CAB081E0}.Debug|x64.ActiveCfg = Debug|Any CPU
		{1254724C-9848-44C0-8216-FA18CAB081E0}.Debug|x64.Build.0 = Debug|Any CPU
		{1254724C-9848-44C0-8216-FA18CAB081E0}.Debug|x86.ActiveCfg = Debug|Any CPU
		{1254724C-9848-44C0-8216-FA18CAB081E0}.Debug|x86.Build.0 = Debug|Any CPU
		{1254724C-9848-44C0-8216-FA18CAB081E0}.Release|Any CPU.ActiveCfg = Release|Any CPU
		{1254724C-9848-44C0-8216-FA18CAB081E0}.Release|Any CPU.Build.0 = Release|Any CPU
		{1254724C-9848-44C0-8216-FA18CAB081E0}.Release|x64.ActiveCfg = Release|Any CPU
		{1254724C-9848-44C0-8216-FA18CAB081E0}.Release|x64.Build.0 = Release|Any CPU
		{1254724C-9848-44C0-8216-FA18CAB081E0}.Release|x86.ActiveCfg = Release|Any CPU
		{1254724C-9848-44C0-8216-FA18CAB081E0}.Release|x86.Build.0 = Release|Any CPU
	EndGlobalSection
	GlobalSection(SolutionProperties) = preSolution
		HideSolutionNode = FALSE
	EndGlobalSection
	GlobalSection(NestedProjects) = preSolution
		{BE020AD8-5E85-4EEE-BDE1-A6CA5B8ACC26} = {AA7A62AC-261B-AF3C-6092-A7D51DCEB971}
		{05A61517-B17F-3B75-4703-47637971236A} = {76A62B82-1C30-7B01-4550-D471A8D00750}
		{5FD06C01-42D4-4509-A8D4-753AE2028D7C} = {05A61517-B17F-3B75-4703-47637971236A}
		{021F057C-B24A-4332-A787-A2987ACFC15E} = {2B83B58A-45F5-E0BE-B563-1AA679171F27}
		{1254724C-9848-44C0-8216-FA18CAB081E0} = {B606FDFC-CF70-1235-06D7-6D9F16201F97}
	EndGlobalSection
EndGlobal
