
Microsoft Visual Studio Solution File, Format Version 12.00
# Visual Studio Version 17
VisualStudioVersion = 17.14.36327.8 d17.14
MinimumVisualStudioVersion = 10.0.40219.1
Project("{FAE04EC0-301F-11D3-BF4B-00C04F79EFBC}") = "Chapter11end", "Chapter11end.csproj", "{56D7A62B-9478-4691-9071-22E0E691F7B1}"
EndProject
Global
	GlobalSection(SolutionConfigurationPlatforms) = preSolution
		Debug|Any CPU = Debug|Any CPU
		Release|Any CPU = Release|Any CPU
	EndGlobalSection
	GlobalSection(ProjectConfigurationPlatforms) = postSolution
		{56D7A62B-9478-4691-9071-22E0E691F7B1}.Debug|Any CPU.ActiveCfg = Debug|Any CPU
		{56D7A62B-9478-4691-9071-22E0E691F7B1}.Debug|Any CPU.Build.0 = Debug|Any CPU
		{56D7A62B-9478-4691-9071-22E0E691F7B1}.Release|Any CPU.ActiveCfg = Release|Any CPU
		{56D7A62B-9478-4691-9071-22E0E691F7B1}.Release|Any CPU.Build.0 = Release|Any CPU
	EndGlobalSection
	GlobalSection(SolutionProperties) = preSolution
		HideSolutionNode = FALSE
	EndGlobalSection
	GlobalSection(ExtensibilityGlobals) = postSolution
		SolutionGuid = {1DCC597D-C31D-42D8-A898-13472B78BC59}
	EndGlobalSection
EndGlobal
